// !$*UTF8*$!
{
	archiveVersion = 1;
	classes = {
	};
	objectVersion = 50;
	objects = {

/* Begin PBXBuildFile section */
		A1F3F8532124BA71001D3DC9 /* AppDelegate.m in Sources */ = {isa = PBXBuildFile; fileRef = A1F3F8522124BA71001D3DC9 /* AppDelegate.m */; };
		A1F3F8562124BA71001D3DC9 /* ViewController.m in Sources */ = {isa = PBXBuildFile; fileRef = A1F3F8552124BA71001D3DC9 /* ViewController.m */; };
		A1F3F8592124BA71001D3DC9 /* Main.storyboard in Resources */ = {isa = PBXBuildFile; fileRef = A1F3F8572124BA71001D3DC9 /* Main.storyboard */; };
		A1F3F85B2124BA73001D3DC9 /* Assets.xcassets in Resources */ = {isa = PBXBuildFile; fileRef = A1F3F85A2124BA73001D3DC9 /* Assets.xcassets */; };
		A1F3F85E2124BA73001D3DC9 /* LaunchScreen.storyboard in Resources */ = {isa = PBXBuildFile; fileRef = A1F3F85C2124BA73001D3DC9 /* LaunchScreen.storyboard */; };
		A1F3F8612124BA73001D3DC9 /* main.m in Sources */ = {isa = PBXBuildFile; fileRef = A1F3F8602124BA73001D3DC9 /* main.m */; };
		A1F3F86B2124BA73001D3DC9 /* InstKiloTests.m in Sources */ = {isa = PBXBuildFile; fileRef = A1F3F86A2124BA73001D3DC9 /* InstKiloTests.m */; };
		A1F3F8762124BA73001D3DC9 /* InstKiloUITests.m in Sources */ = {isa = PBXBuildFile; fileRef = A1F3F8752124BA73001D3DC9 /* InstKiloUITests.m */; };
/* End PBXBuildFile section */

/* Begin PBXContainerItemProxy section */
		A1F3F8672124BA73001D3DC9 /* PBXContainerItemProxy */ = {
			isa = PBXContainerItemProxy;
			containerPortal = A1F3F8462124BA71001D3DC9 /* Project object */;
			proxyType = 1;
			remoteGlobalIDString = A1F3F84D2124BA71001D3DC9;
			remoteInfo = InstKilo;
		};
		A1F3F8722124BA73001D3DC9 /* PBXContainerItemProxy */ = {
			isa = PBXContainerItemProxy;
			containerPortal = A1F3F8462124BA71001D3DC9 /* Project object */;
			proxyType = 1;
			remoteGlobalIDString = A1F3F84D2124BA71001D3DC9;
			remoteInfo = InstKilo;
		};
/* End PBXContainerItemProxy section */

/* Begin PBXFileReference section */
		A1F3F84E2124BA71001D3DC9 /* InstKilo.app */ = {isa = PBXFileReference; explicitFileType = wrapper.application; includeInIndex = 0; path = InstKilo.app; sourceTree = BUILT_PRODUCTS_DIR; };
		A1F3F8512124BA71001D3DC9 /* AppDelegate.h */ = {isa = PBXFileReference; lastKnownFileType = sourcecode.c.h; path = AppDelegate.h; sourceTree = "<group>"; };
		A1F3F8522124BA71001D3DC9 /* AppDelegate.m */ = {isa = PBXFileReference; lastKnownFileType = sourcecode.c.objc; path = AppDelegate.m; sourceTree = "<group>"; };
		A1F3F8542124BA71001D3DC9 /* ViewController.h */ = {isa = PBXFileReference; lastKnownFileType = sourcecode.c.h; path = ViewController.h; sourceTree = "<group>"; };
		A1F3F8552124BA71001D3DC9 /* ViewController.m */ = {isa = PBXFileReference; lastKnownFileType = sourcecode.c.objc; path = ViewController.m; sourceTree = "<group>"; };
		A1F3F8582124BA71001D3DC9 /* Base */ = {isa = PBXFileReference; lastKnownFileType = file.storyboard; name = Base; path = Base.lproj/Main.storyboard; sourceTree = "<group>"; };
		A1F3F85A2124BA73001D3DC9 /* Assets.xcassets */ = {isa = PBXFileReference; lastKnownFileType = folder.assetcatalog; path = Assets.xcassets; sourceTree = "<group>"; };
		A1F3F85D2124BA73001D3DC9 /* Base */ = {isa = PBXFileReference; lastKnownFileType = file.storyboard; name = Base; path = Base.lproj/LaunchScreen.storyboard; sourceTree = "<group>"; };
		A1F3F85F2124BA73001D3DC9 /* Info.plist */ = {isa = PBXFileReference; lastKnownFileType = text.plist.xml; path = Info.plist; sourceTree = "<group>"; };
		A1F3F8602124BA73001D3DC9 /* main.m */ = {isa = PBXFileReference; lastKnownFileType = sourcecode.c.objc; path = main.m; sourceTree = "<group>"; };
		A1F3F8662124BA73001D3DC9 /* InstKiloTests.xctest */ = {isa = PBXFileReference; explicitFileType = wrapper.cfbundle; includeInIndex = 0; path = InstKiloTests.xctest; sourceTree = BUILT_PRODUCTS_DIR; };
		A1F3F86A2124BA73001D3DC9 /* InstKiloTests.m */ = {isa = PBXFileReference; lastKnownFileType = sourcecode.c.objc; path = InstKiloTests.m; sourceTree = "<group>"; };
		A1F3F86C2124BA73001D3DC9 /* Info.plist */ = {isa = PBXFileReference; lastKnownFileType = text.plist.xml; path = Info.plist; sourceTree = "<group>"; };
		A1F3F8712124BA73001D3DC9 /* InstKiloUITests.xctest */ = {isa = PBXFileReference; explicitFileType = wrapper.cfbundle; includeInIndex = 0; path = InstKiloUITests.xctest; sourceTree = BUILT_PRODUCTS_DIR; };
		A1F3F8752124BA73001D3DC9 /* InstKiloUITests.m */ = {isa = PBXFileReference; lastKnownFileType = sourcecode.c.objc; path = InstKiloUITests.m; sourceTree = "<group>"; };
		A1F3F8772124BA73001D3DC9 /* Info.plist */ = {isa = PBXFileReference; lastKnownFileType = text.plist.xml; path = Info.plist; sourceTree = "<group>"; };
/* End PBXFileReference section */

/* Begin PBXFrameworksBuildPhase section */
		A1F3F84B2124BA71001D3DC9 /* Frameworks */ = {
			isa = PBXFrameworksBuildPhase;
			buildActionMask = 2147483647;
			files = (
			);
			runOnlyForDeploymentPostprocessing = 0;
		};
		A1F3F8632124BA73001D3DC9 /* Frameworks */ = {
			isa = PBXFrameworksBuildPhase;
			buildActionMask = 2147483647;
			files = (
			);
			runOnlyForDeploymentPostprocessing = 0;
		};
		A1F3F86E2124BA73001D3DC9 /* Frameworks */ = {
			isa = PBXFrameworksBuildPhase;
			buildActionMask = 2147483647;
			files = (
			);
			runOnlyForDeploymentPostprocessing = 0;
		};
/* End PBXFrameworksBuildPhase section */

/* Begin PBXGroup section */
		A1F3F8452124BA71001D3DC9 = {
			isa = PBXGroup;
			children = (
				A1F3F8502124BA71001D3DC9 /* InstKilo */,
				A1F3F8692124BA73001D3DC9 /* InstKiloTests */,
				A1F3F8742124BA73001D3DC9 /* InstKiloUITests */,
				A1F3F84F2124BA71001D3DC9 /* Products */,
			);
			sourceTree = "<group>";
		};
		A1F3F84F2124BA71001D3DC9 /* Products */ = {
			isa = PBXGroup;
			children = (
				A1F3F84E2124BA71001D3DC9 /* InstKilo.app */,
				A1F3F8662124BA73001D3DC9 /* InstKiloTests.xctest */,
				A1F3F8712124BA73001D3DC9 /* InstKiloUITests.xctest */,
			);
			name = Products;
			sourceTree = "<group>";
		};
		A1F3F8502124BA71001D3DC9 /* InstKilo */ = {
			isa = PBXGroup;
			children = (
				A1F3F8512124BA71001D3DC9 /* AppDelegate.h */,
				A1F3F8522124BA71001D3DC9 /* AppDelegate.m */,
				A1F3F8542124BA71001D3DC9 /* ViewController.h */,
				A1F3F8552124BA71001D3DC9 /* ViewController.m */,
				A1F3F8572124BA71001D3DC9 /* Main.storyboard */,
				A1F3F85A2124BA73001D3DC9 /* Assets.xcassets */,
				A1F3F85C2124BA73001D3DC9 /* LaunchScreen.storyboard */,
				A1F3F85F2124BA73001D3DC9 /* Info.plist */,
				A1F3F8602124BA73001D3DC9 /* main.m */,
			);
			path = InstKilo;
			sourceTree = "<group>";
		};
		A1F3F8692124BA73001D3DC9 /* InstKiloTests */ = {
			isa = PBXGroup;
			children = (
				A1F3F86A2124BA73001D3DC9 /* InstKiloTests.m */,
				A1F3F86C2124BA73001D3DC9 /* Info.plist */,
			);
			path = InstKiloTests;
			sourceTree = "<group>";
		};
		A1F3F8742124BA73001D3DC9 /* InstKiloUITests */ = {
			isa = PBXGroup;
			children = (
				A1F3F8752124BA73001D3DC9 /* InstKiloUITests.m */,
				A1F3F8772124BA73001D3DC9 /* Info.plist */,
			);
			path = InstKiloUITests;
			sourceTree = "<group>";
		};
/* End PBXGroup section */

/* Begin PBXNativeTarget section */
		A1F3F84D2124BA71001D3DC9 /* InstKilo */ = {
			isa = PBXNativeTarget;
			buildConfigurationList = A1F3F87A2124BA73001D3DC9 /* Build configuration list for PBXNativeTarget "InstKilo" */;
			buildPhases = (
				A1F3F84A2124BA71001D3DC9 /* Sources */,
				A1F3F84B2124BA71001D3DC9 /* Frameworks */,
				A1F3F84C2124BA71001D3DC9 /* Resources */,
			);
			buildRules = (
			);
			dependencies = (
			);
			name = InstKilo;
			productName = InstKilo;
			productReference = A1F3F84E2124BA71001D3DC9 /* InstKilo.app */;
			productType = "com.apple.product-type.application";
		};
		A1F3F8652124BA73001D3DC9 /* InstKiloTests */ = {
			isa = PBXNativeTarget;
			buildConfigurationList = A1F3F87D2124BA73001D3DC9 /* Build configuration list for PBXNativeTarget "InstKiloTests" */;
			buildPhases = (
				A1F3F8622124BA73001D3DC9 /* Sources */,
				A1F3F8632124BA73001D3DC9 /* Frameworks */,
				A1F3F8642124BA73001D3DC9 /* Resources */,
			);
			buildRules = (
			);
			dependencies = (
				A1F3F8682124BA73001D3DC9 /* PBXTargetDependency */,
			);
			name = InstKiloTests;
			productName = InstKiloTests;
			productReference = A1F3F8662124BA73001D3DC9 /* InstKiloTests.xctest */;
			productType = "com.apple.product-type.bundle.unit-test";
		};
		A1F3F8702124BA73001D3DC9 /* InstKiloUITests */ = {
			isa = PBXNativeTarget;
			buildConfigurationList = A1F3F8802124BA73001D3DC9 /* Build configuration list for PBXNativeTarget "InstKiloUITests" */;
			buildPhases = (
				A1F3F86D2124BA73001D3DC9 /* Sources */,
				A1F3F86E2124BA73001D3DC9 /* Frameworks */,
				A1F3F86F2124BA73001D3DC9 /* Resources */,
			);
			buildRules = (
			);
			dependencies = (
				A1F3F8732124BA73001D3DC9 /* PBXTargetDependency */,
			);
			name = InstKiloUITests;
			productName = InstKiloUITests;
			productReference = A1F3F8712124BA73001D3DC9 /* InstKiloUITests.xctest */;
			productType = "com.apple.product-type.bundle.ui-testing";
		};
/* End PBXNativeTarget section */

/* Begin PBXProject section */
		A1F3F8462124BA71001D3DC9 /* Project object */ = {
			isa = PBXProject;
			attributes = {
				LastUpgradeCheck = 0940;
				ORGANIZATIONNAME = "Kit Clark-O'Neil";
				TargetAttributes = {
					A1F3F84D2124BA71001D3DC9 = {
						CreatedOnToolsVersion = 9.4.1;
					};
					A1F3F8652124BA73001D3DC9 = {
						CreatedOnToolsVersion = 9.4.1;
						TestTargetID = A1F3F84D2124BA71001D3DC9;
					};
					A1F3F8702124BA73001D3DC9 = {
						CreatedOnToolsVersion = 9.4.1;
						TestTargetID = A1F3F84D2124BA71001D3DC9;
					};
				};
			};
			buildConfigurationList = A1F3F8492124BA71001D3DC9 /* Build configuration list for PBXProject "InstKilo" */;
			compatibilityVersion = "Xcode 9.3";
			developmentRegion = en;
			hasScannedForEncodings = 0;
			knownRegions = (
				en,
				Base,
			);
			mainGroup = A1F3F8452124BA71001D3DC9;
			productRefGroup = A1F3F84F2124BA71001D3DC9 /* Products */;
			projectDirPath = "";
			projectRoot = "";
			targets = (
				A1F3F84D2124BA71001D3DC9 /* InstKilo */,
				A1F3F8652124BA73001D3DC9 /* InstKiloTests */,
				A1F3F8702124BA73001D3DC9 /* InstKiloUITests */,
			);
		};
/* End PBXProject section */

/* Begin PBXResourcesBuildPhase section */
		A1F3F84C2124BA71001D3DC9 /* Resources */ = {
			isa = PBXResourcesBuildPhase;
			buildActionMask = 2147483647;
			files = (
				A1F3F85E2124BA73001D3DC9 /* LaunchScreen.storyboard in Resources */,
				A1F3F85B2124BA73001D3DC9 /* Assets.xcassets in Resources */,
				A1F3F8592124BA71001D3DC9 /* Main.storyboard in Resources */,
			);
			runOnlyForDeploymentPostprocessing = 0;
		};
		A1F3F8642124BA73001D3DC9 /* Resources */ = {
			isa = PBXResourcesBuildPhase;
			buildActionMask = 2147483647;
			files = (
			);
			runOnlyForDeploymentPostprocessing = 0;
		};
		A1F3F86F2124BA73001D3DC9 /* Resources */ = {
			isa = PBXResourcesBuildPhase;
			buildActionMask = 2147483647;
			files = (
			);
			runOnlyForDeploymentPostprocessing = 0;
		};
/* End PBXResourcesBuildPhase section */

/* Begin PBXSourcesBuildPhase section */
		A1F3F84A2124BA71001D3DC9 /* Sources */ = {
			isa = PBXSourcesBuildPhase;
			buildActionMask = 2147483647;
			files = (
				A1F3F8562124BA71001D3DC9 /* ViewController.m in Sources */,
				A1F3F8612124BA73001D3DC9 /* main.m in Sources */,
				A1F3F8532124BA71001D3DC9 /* AppDelegate.m in Sources */,
			);
			runOnlyForDeploymentPostprocessing = 0;
		};
		A1F3F8622124BA73001D3DC9 /* Sources */ = {
			isa = PBXSourcesBuildPhase;
			buildActionMask = 2147483647;
			files = (
				A1F3F86B2124BA73001D3DC9 /* InstKiloTests.m in Sources */,
			);
			runOnlyForDeploymentPostprocessing = 0;
		};
		A1F3F86D2124BA73001D3DC9 /* Sources */ = {
			isa = PBXSourcesBuildPhase;
			buildActionMask = 2147483647;
			files = (
				A1F3F8762124BA73001D3DC9 /* InstKiloUITests.m in Sources */,
			);
			runOnlyForDeploymentPostprocessing = 0;
		};
/* End PBXSourcesBuildPhase section */

/* Begin PBXTargetDependency section */
		A1F3F8682124BA73001D3DC9 /* PBXTargetDependency */ = {
			isa = PBXTargetDependency;
			target = A1F3F84D2124BA71001D3DC9 /* InstKilo */;
			targetProxy = A1F3F8672124BA73001D3DC9 /* PBXContainerItemProxy */;
		};
		A1F3F8732124BA73001D3DC9 /* PBXTargetDependency */ = {
			isa = PBXTargetDependency;
			target = A1F3F84D2124BA71001D3DC9 /* InstKilo */;
			targetProxy = A1F3F8722124BA73001D3DC9 /* PBXContainerItemProxy */;
		};
/* End PBXTargetDependency section */

/* Begin PBXVariantGroup section */
		A1F3F8572124BA71001D3DC9 /* Main.storyboard */ = {
			isa = PBXVariantGroup;
			children = (
				A1F3F8582124BA71001D3DC9 /* Base */,
			);
			name = Main.storyboard;
			sourceTree = "<group>";
		};
		A1F3F85C2124BA73001D3DC9 /* LaunchScreen.storyboard */ = {
			isa = PBXVariantGroup;
			children = (
				A1F3F85D2124BA73001D3DC9 /* Base */,
			);
			name = LaunchScreen.storyboard;
			sourceTree = "<group>";
		};
/* End PBXVariantGroup section */

/* Begin XCBuildConfiguration section */
		A1F3F8782124BA73001D3DC9 /* Debug */ = {
			isa = XCBuildConfiguration;
			buildSettings = {
				ALWAYS_SEARCH_USER_PATHS = NO;
				CLANG_ANALYZER_NONNULL = YES;
				CLANG_ANALYZER_NUMBER_OBJECT_CONVERSION = YES_AGGRESSIVE;
				CLANG_CXX_LANGUAGE_STANDARD = "gnu++14";
				CLANG_CXX_LIBRARY = "libc++";
				CLANG_ENABLE_MODULES = YES;
				CLANG_ENABLE_OBJC_ARC = YES;
				CLANG_ENABLE_OBJC_WEAK = YES;
				CLANG_WARN_BLOCK_CAPTURE_AUTORELEASING = YES;
				CLANG_WARN_BOOL_CONVERSION = YES;
				CLANG_WARN_COMMA = YES;
				CLANG_WARN_CONSTANT_CONVERSION = YES;
				CLANG_WARN_DEPRECATED_OBJC_IMPLEMENTATIONS = YES;
				CLANG_WARN_DIRECT_OBJC_ISA_USAGE = YES_ERROR;
				CLANG_WARN_DOCUMENTATION_COMMENTS = YES;
				CLANG_WARN_EMPTY_BODY = YES;
				CLANG_WARN_ENUM_CONVERSION = YES;
				CLANG_WARN_INFINITE_RECURSION = YES;
				CLANG_WARN_INT_CONVERSION = YES;
				CLANG_WARN_NON_LITERAL_NULL_CONVERSION = YES;
				CLANG_WARN_OBJC_IMPLICIT_RETAIN_SELF = YES;
				CLANG_WARN_OBJC_LITERAL_CONVERSION = YES;
				CLANG_WARN_OBJC_ROOT_CLASS = YES_ERROR;
				CLANG_WARN_RANGE_LOOP_ANALYSIS = YES;
				CLANG_WARN_STRICT_PROTOTYPES = YES;
				CLANG_WARN_SUSPICIOUS_MOVE = YES;
				CLANG_WARN_UNGUARDED_AVAILABILITY = YES_AGGRESSIVE;
				CLANG_WARN_UNREACHABLE_CODE = YES;
				CLANG_WARN__DUPLICATE_METHOD_MATCH = YES;
				CODE_SIGN_IDENTITY = "iPhone Developer";
				COPY_PHASE_STRIP = NO;
				DEBUG_INFORMATION_FORMAT = dwarf;
				ENABLE_STRICT_OBJC_MSGSEND = YES;
				ENABLE_TESTABILITY = YES;
				GCC_C_LANGUAGE_STANDARD = gnu11;
				GCC_DYNAMIC_NO_PIC = NO;
				GCC_NO_COMMON_BLOCKS = YES;
				GCC_OPTIMIZATION_LEVEL = 0;
				GCC_PREPROCESSOR_DEFINITIONS = (
					"DEBUG=1",
					"$(inherited)",
				);
				GCC_WARN_64_TO_32_BIT_CONVERSION = YES;
				GCC_WARN_ABOUT_RETURN_TYPE = YES_ERROR;
				GCC_WARN_UNDECLARED_SELECTOR = YES;
				GCC_WARN_UNINITIALIZED_AUTOS = YES_AGGRESSIVE;
				GCC_WARN_UNUSED_FUNCTION = YES;
				GCC_WARN_UNUSED_VARIABLE = YES;
				IPHONEOS_DEPLOYMENT_TARGET = 11.4;
				MTL_ENABLE_DEBUG_INFO = YES;
				ONLY_ACTIVE_ARCH = YES;
				SDKROOT = iphoneos;
			};
			name = Debug;
		};
		A1F3F8792124BA73001D3DC9 /* Release */ = {
			isa = XCBuildConfiguration;
			buildSettings = {
				ALWAYS_SEARCH_USER_PATHS = NO;
				CLANG_ANALYZER_NONNULL = YES;
				CLANG_ANALYZER_NUMBER_OBJECT_CONVERSION = YES_AGGRESSIVE;
				CLANG_CXX_LANGUAGE_STANDARD = "gnu++14";
				CLANG_CXX_LIBRARY = "libc++";
				CLANG_ENABLE_MODULES = YES;
				CLANG_ENABLE_OBJC_ARC = YES;
				CLANG_ENABLE_OBJC_WEAK = YES;
				CLANG_WARN_BLOCK_CAPTURE_AUTORELEASING = YES;
				CLANG_WARN_BOOL_CONVERSION = YES;
				CLANG_WARN_COMMA = YES;
				CLANG_WARN_CONSTANT_CONVERSION = YES;
				CLANG_WARN_DEPRECATED_OBJC_IMPLEMENTATIONS = YES;
				CLANG_WARN_DIRECT_OBJC_ISA_USAGE = YES_ERROR;
				CLANG_WARN_DOCUMENTATION_COMMENTS = YES;
				CLANG_WARN_EMPTY_BODY = YES;
				CLANG_WARN_ENUM_CONVERSION = YES;
				CLANG_WARN_INFINITE_RECURSION = YES;
				CLANG_WARN_INT_CONVERSION = YES;
				CLANG_WARN_NON_LITERAL_NULL_CONVERSION = YES;
				CLANG_WARN_OBJC_IMPLICIT_RETAIN_SELF = YES;
				CLANG_WARN_OBJC_LITERAL_CONVERSION = YES;
				CLANG_WARN_OBJC_ROOT_CLASS = YES_ERROR;
				CLANG_WARN_RANGE_LOOP_ANALYSIS = YES;
				CLANG_WARN_STRICT_PROTOTYPES = YES;
				CLANG_WARN_SUSPICIOUS_MOVE = YES;
				CLANG_WARN_UNGUARDED_AVAILABILITY = YES_AGGRESSIVE;
				CLANG_WARN_UNREACHABLE_CODE = YES;
				CLANG_WARN__DUPLICATE_METHOD_MATCH = YES;
				CODE_SIGN_IDENTITY = "iPhone Developer";
				COPY_PHASE_STRIP = NO;
				DEBUG_INFORMATION_FORMAT = "dwarf-with-dsym";
				ENABLE_NS_ASSERTIONS = NO;
				ENABLE_STRICT_OBJC_MSGSEND = YES;
				GCC_C_LANGUAGE_STANDARD = gnu11;
				GCC_NO_COMMON_BLOCKS = YES;
				GCC_WARN_64_TO_32_BIT_CONVERSION = YES;
				GCC_WARN_ABOUT_RETURN_TYPE = YES_ERROR;
				GCC_WARN_UNDECLARED_SELECTOR = YES;
				GCC_WARN_UNINITIALIZED_AUTOS = YES_AGGRESSIVE;
				GCC_WARN_UNUSED_FUNCTION = YES;
				GCC_WARN_UNUSED_VARIABLE = YES;
				IPHONEOS_DEPLOYMENT_TARGET = 11.4;
				MTL_ENABLE_DEBUG_INFO = NO;
				SDKROOT = iphoneos;
				VALIDATE_PRODUCT = YES;
			};
			name = Release;
		};
		A1F3F87B2124BA73001D3DC9 /* Debug */ = {
			isa = XCBuildConfiguration;
			buildSettings = {
				ASSETCATALOG_COMPILER_APPICON_NAME = AppIcon;
				CODE_SIGN_STYLE = Automatic;
				INFOPLIST_FILE = InstKilo/Info.plist;
				LD_RUNPATH_SEARCH_PATHS = (
					"$(inherited)",
					"@executable_path/Frameworks",
				);
				PRODUCT_BUNDLE_IDENTIFIER = Sure.InstKilo;
				PRODUCT_NAME = "$(TARGET_NAME)";
				TARGETED_DEVICE_FAMILY = "1,2";
			};
			name = Debug;
		};
		A1F3F87C2124BA73001D3DC9 /* Release */ = {
			isa = XCBuildConfiguration;
			buildSettings = {
				ASSETCATALOG_COMPILER_APPICON_NAME = AppIcon;
				CODE_SIGN_STYLE = Automatic;
				INFOPLIST_FILE = InstKilo/Info.plist;
				LD_RUNPATH_SEARCH_PATHS = (
					"$(inherited)",
					"@executable_path/Frameworks",
				);
				PRODUCT_BUNDLE_IDENTIFIER = Sure.InstKilo;
				PRODUCT_NAME = "$(TARGET_NAME)";
				TARGETED_DEVICE_FAMILY = "1,2";
			};
			name = Release;
		};
		A1F3F87E2124BA73001D3DC9 /* Debug */ = {
			isa = XCBuildConfiguration;
			buildSettings = {
				BUNDLE_LOADER = "$(TEST_HOST)";
				CODE_SIGN_STYLE = Automatic;
				INFOPLIST_FILE = InstKiloTests/Info.plist;
				LD_RUNPATH_SEARCH_PATHS = (
					"$(inherited)",
					"@executable_path/Frameworks",
					"@loader_path/Frameworks",
				);
				PRODUCT_BUNDLE_IDENTIFIER = Sure.InstKiloTests;
				PRODUCT_NAME = "$(TARGET_NAME)";
				TARGETED_DEVICE_FAMILY = "1,2";
				TEST_HOST = "$(BUILT_PRODUCTS_DIR)/InstKilo.app/InstKilo";
			};
			name = Debug;
		};
		A1F3F87F2124BA73001D3DC9 /* Release */ = {
			isa = XCBuildConfiguration;
			buildSettings = {
				BUNDLE_LOADER = "$(TEST_HOST)";
				CODE_SIGN_STYLE = Automatic;
				INFOPLIST_FILE = InstKiloTests/Info.plist;
				LD_RUNPATH_SEARCH_PATHS = (
					"$(inherited)",
					"@executable_path/Frameworks",
					"@loader_path/Frameworks",
				);
				PRODUCT_BUNDLE_IDENTIFIER = Sure.InstKiloTests;
				PRODUCT_NAME = "$(TARGET_NAME)";
				TARGETED_DEVICE_FAMILY = "1,2";
				TEST_HOST = "$(BUILT_PRODUCTS_DIR)/InstKilo.app/InstKilo";
			};
			name = Release;
		};
		A1F3F8812124BA73001D3DC9 /* Debug */ = {
			isa = XCBuildConfiguration;
			buildSettings = {
				CODE_SIGN_STYLE = Automatic;
				INFOPLIST_FILE = InstKiloUITests/Info.plist;
				LD_RUNPATH_SEARCH_PATHS = (
					"$(inherited)",
					"@executable_path/Frameworks",
					"@loader_path/Frameworks",
				);
				PRODUCT_BUNDLE_IDENTIFIER = Sure.InstKiloUITests;
				PRODUCT_NAME = "$(TARGET_NAME)";
				TARGETED_DEVICE_FAMILY = "1,2";
				TEST_TARGET_NAME = InstKilo;
			};
			name = Debug;
		};
		A1F3F8822124BA73001D3DC9 /* Release */ = {
			isa = XCBuildConfiguration;
			buildSettings = {
				CODE_SIGN_STYLE = Automatic;
				INFOPLIST_FILE = InstKiloUITests/Info.plist;
				LD_RUNPATH_SEARCH_PATHS = (
					"$(inherited)",
					"@executable_path/Frameworks",
					"@loader_path/Frameworks",
				);
				PRODUCT_BUNDLE_IDENTIFIER = Sure.InstKiloUITests;
				PRODUCT_NAME = "$(TARGET_NAME)";
				TARGETED_DEVICE_FAMILY = "1,2";
				TEST_TARGET_NAME = InstKilo;
			};
			name = Release;
		};
/* End XCBuildConfiguration section */

/* Begin XCConfigurationList section */
		A1F3F8492124BA71001D3DC9 /* Build configuration list for PBXProject "InstKilo" */ = {
			isa = XCConfigurationList;
			buildConfigurations = (
				A1F3F8782124BA73001D3DC9 /* Debug */,
				A1F3F8792124BA73001D3DC9 /* Release */,
			);
			defaultConfigurationIsVisible = 0;
			defaultConfigurationName = Release;
		};
		A1F3F87A2124BA73001D3DC9 /* Build configuration list for PBXNativeTarget "InstKilo" */ = {
			isa = XCConfigurationList;
			buildConfigurations = (
				A1F3F87B2124BA73001D3DC9 /* Debug */,
				A1F3F87C2124BA73001D3DC9 /* Release */,
			);
			defaultConfigurationIsVisible = 0;
			defaultConfigurationName = Release;
		};
		A1F3F87D2124BA73001D3DC9 /* Build configuration list for PBXNativeTarget "InstKiloTests" */ = {
			isa = XCConfigurationList;
			buildConfigurations = (
				A1F3F87E2124BA73001D3DC9 /* Debug */,
				A1F3F87F2124BA73001D3DC9 /* Release */,
			);
			defaultConfigurationIsVisible = 0;
			defaultConfigurationName = Release;
		};
		A1F3F8802124BA73001D3DC9 /* Build configuration list for PBXNativeTarget "InstKiloUITests" */ = {
			isa = XCConfigurationList;
			buildConfigurations = (
				A1F3F8812124BA73001D3DC9 /* Debug */,
				A1F3F8822124BA73001D3DC9 /* Release */,
			);
			defaultConfigurationIsVisible = 0;
			defaultConfigurationName = Release;
		};
/* End XCConfigurationList section */
	};
	rootObject = A1F3F8462124BA71001D3DC9 /* Project object */;
}
